
Microsoft Visual Studio Solution File, Format Version 12.00
# Visual Studio 14
VisualStudioVersion = 14.0.25420.1
MinimumVisualStudioVersion = 10.0.40219.1
Project("{2150E333-8FDC-42A3-9474-1A3956D46DE8}") = "prob1", "prob1", "{6B4EAB71-6885-4595-9658-6AEB876C8B61}"
EndProject
Project("{2150E333-8FDC-42A3-9474-1A3956D46DE8}") = "prob2", "prob2", "{621E842E-67B7-45A7-8B2E-80AED9402E96}"
EndProject
Project("{FAE04EC0-301F-11D3-BF4B-00C04F79EFBC}") = "CalcSimple", "prob1\CalcSimple\CalcSimple.csproj", "{9AD9F316-0508-42D8-A074-1A95120C43A6}"
EndProject
Project("{FAE04EC0-301F-11D3-BF4B-00C04F79EFBC}") = "CalcPolish", "prob2\CalcPolish\CalcPolish.csproj", "{033F7D2F-3B4E-4875-A77F-7F5B83607EA6}"
EndProject
Project("{FAE04EC0-301F-11D3-BF4B-00C04F79EFBC}") = "echoClient", "prob3\echoClient\echoClient.csproj", "{311CEE89-CB58-4C66-8475-9F2DE018354D}"
EndProject
Project("{2150E333-8FDC-42A3-9474-1A3956D46DE8}") = "prob3", "prob3", "{F374E273-9258-4BCF-BEC8-85DE22BCE9E0}"
EndProject
Project("{FAE04EC0-301F-11D3-BF4B-00C04F79EFBC}") = "echoServer", "prob3\echoServer\echoServer.csproj", "{39E7CE0B-5349-4509-ACB7-15585A6F5182}"
EndProject
Project("{2150E333-8FDC-42A3-9474-1A3956D46DE8}") = "prob4", "prob4", "{6F51E14F-D1AD-4E7C-893E-67BFFEC94728}"
EndProject
Project("{FAE04EC0-301F-11D3-BF4B-00C04F79EFBC}") = "echoServer", "prob4\echoServer\echoServer.csproj", "{EDB7F53B-2E36-4C7A-B709-7D5250E6EAFE}"
EndProject
Project("{FAE04EC0-301F-11D3-BF4B-00C04F79EFBC}") = "echoClient", "prob4\echoClient\echoClient.csproj", "{F2CA19C2-2D6D-4858-B69D-FA3D6D59BC33}"
EndProject
Project("{2150E333-8FDC-42A3-9474-1A3956D46DE8}") = "prob5", "prob5", "{E00A365F-C033-41D2-903B-7B2380ECC397}"
EndProject
Project("{FAE04EC0-301F-11D3-BF4B-00C04F79EFBC}") = "Server", "prob5\Server\Server.csproj", "{484082E1-6B84-4B86-812B-D626E5687637}"
EndProject
Project("{FAE04EC0-301F-11D3-BF4B-00C04F79EFBC}") = "Client", "prob5\Client\Client.csproj", "{20F77FCF-6CB0-4B43-A927-02CDD1725C56}"
EndProject
Project("{FAE04EC0-301F-11D3-BF4B-00C04F79EFBC}") = "SharedCommons", "prob5\SharedCommons\SharedCommons.csproj", "{2E86815B-4C32-4AB2-94EA-4C44962E1088}"
EndProject
Project("{2150E333-8FDC-42A3-9474-1A3956D46DE8}") = "prob6", "prob6", "{99ED7D21-2769-479D-8F9A-4A4FD78D028C}"
EndProject
Project("{FAE04EC0-301F-11D3-BF4B-00C04F79EFBC}") = "FacultateWebApp", "prob6\FacultateWebApp\FacultateWebApp.csproj", "{11AA576F-8720-4FC0-9AF9-618CB4284AC8}"
EndProject
Project("{FAE04EC0-301F-11D3-BF4B-00C04F79EFBC}") = "Common", "prob6\Common\Common.csproj", "{747AFA53-984C-4232-8188-66ADB654D888}"
EndProject
Project("{FAE04EC0-301F-11D3-BF4B-00C04F79EFBC}") = "Client", "prob6\Client\Client.csproj", "{3A41BE49-2488-470D-A367-05175EFB378A}"
EndProject
Project("{2150E333-8FDC-42A3-9474-1A3956D46DE8}") = "prob7", "prob7", "{F9443128-36DC-4B36-81F5-549534910777}"
EndProject
Project("{FAE04EC0-301F-11D3-BF4B-00C04F79EFBC}") = "Server", "prob7\Server\Server.csproj", "{82AC473A-E506-49E3-997D-3CAA6B8D98D9}"
EndProject
Project("{FAE04EC0-301F-11D3-BF4B-00C04F79EFBC}") = "Library", "prob7\Library\Library.csproj", "{E9C806DE-0395-4238-BEBA-3F66208059AB}"
EndProject
Project("{FAE04EC0-301F-11D3-BF4B-00C04F79EFBC}") = "Client", "prob7\Client\Client.csproj", "{9B899771-0471-47B7-B5F1-890406E901FD}"
EndProject
Project("{2150E333-8FDC-42A3-9474-1A3956D46DE8}") = "probA", "probA", "{FA663EB4-0DCE-48F7-AAF6-FE4983471298}"
EndProject
Project("{FAE04EC0-301F-11D3-BF4B-00C04F79EFBC}") = "ParallelSum", "probA\ParallelSum\ParallelSum.csproj", "{6640FF6D-6C3C-4040-B66E-5D98657186AB}"
EndProject
Project("{2150E333-8FDC-42A3-9474-1A3956D46DE8}") = "probB", "probB", "{AD277C4A-DB68-48D6-8F58-03DB3621CF35}"
EndProject
Project("{FAE04EC0-301F-11D3-BF4B-00C04F79EFBC}") = "MasterSlave", "probB\MasterSlave\MasterSlave.csproj", "{9664A97A-20B0-4550-839E-2B62B1182BA2}"
EndProject
Project("{2150E333-8FDC-42A3-9474-1A3956D46DE8}") = "probC", "probC", "{2E1648CE-EB48-43E5-8DAF-E8A619BC2756}"
EndProject
Project("{FAE04EC0-301F-11D3-BF4B-00C04F79EFBC}") = "Pipeline", "probC\Pipeline\Pipeline.csproj", "{8EE9B2F9-D04F-45E8-AEBE-D9B8FDF21A8D}"
EndProject
Project("{2150E333-8FDC-42A3-9474-1A3956D46DE8}") = "probD", "probD", "{0F2AC4C2-8110-4EB9-A975-DEE6C309C2B1}"
EndProject
Project("{FAE04EC0-301F-11D3-BF4B-00C04F79EFBC}") = "ParallelMergeSort", "probD\ParallelMergeSort\ParallelMergeSort.csproj", "{15688C50-74C0-4F90-BC63-82A6A7A4B3A6}"
EndProject
Project("{FAE04EC0-301F-11D3-BF4B-00C04F79EFBC}") = "ReadMultipleFiles", "probE\ReadMultipleFiles\ReadMultipleFiles.csproj", "{C4A41500-47E1-4F24-BE67-05E16DFC5682}"
EndProject
Project("{2150E333-8FDC-42A3-9474-1A3956D46DE8}") = "probE", "probE", "{5A746139-7648-46E3-BB7B-A44C22B0D6DE}"
EndProject
Project("{2150E333-8FDC-42A3-9474-1A3956D46DE8}") = "probF", "probF", "{C8DE04B4-7611-433D-83FD-227B5DC1848B}"
EndProject
Project("{FAE04EC0-301F-11D3-BF4B-00C04F79EFBC}") = "ReadMultipleFilesDelegate", "probF\ReadMultipleFilesDelegate\ReadMultipleFilesDelegate.csproj", "{2A292780-E754-47F1-A30F-BCAEECC7B503}"
EndProject
Project("{2150E333-8FDC-42A3-9474-1A3956D46DE8}") = "probG", "probG", "{6BE9B3F6-5672-45D2-A10D-85D60956FDEE}"
EndProject
Project("{FAE04EC0-301F-11D3-BF4B-00C04F79EFBC}") = "Time", "probG\Time\Time.csproj", "{8A55C55A-4940-49CA-BE03-B81A5BCCDF45}"
EndProject
Project("{FAE04EC0-301F-11D3-BF4B-00C04F79EFBC}") = "Tree2Xml", "probH\Tree2Xml\Tree2Xml.csproj", "{4F1246AC-4154-413F-BCF6-A615374DCB13}"
EndProject
Project("{2150E333-8FDC-42A3-9474-1A3956D46DE8}") = "probH", "probH", "{12CF24BF-00B9-444B-A04D-75FF0AC1DDEF}"
EndProject
Project("{2150E333-8FDC-42A3-9474-1A3956D46DE8}") = "probI", "probI", "{5B37FE58-606F-46C5-80CB-117595216BAA}"
EndProject
Project("{2150E333-8FDC-42A3-9474-1A3956D46DE8}") = "probJ", "probJ", "{890FFE6E-D0AC-4E22-9254-E3EAA41E154E}"
EndProject
Project("{2150E333-8FDC-42A3-9474-1A3956D46DE8}") = "probK", "probK", "{2A62E4D9-0236-4FA9-9B74-F7CCA34B98D6}"
EndProject
Project("{FAE04EC0-301F-11D3-BF4B-00C04F79EFBC}") = "Dir2Xml", "probI\Dir2Xml\Dir2Xml.csproj", "{9729A7F1-EBDF-4444-8B13-E69F43B43082}"
EndProject
Project("{FAE04EC0-301F-11D3-BF4B-00C04F79EFBC}") = "Languinator", "probJ\Languinator\Languinator.csproj", "{1826CCF3-3E0C-4C31-8212-1202AAD2B7D8}"
EndProject
Project("{FAE04EC0-301F-11D3-BF4B-00C04F79EFBC}") = "Config2Xml", "probK\Config2Xml\Config2Xml.csproj", "{591E31B6-42D3-4F0A-B365-43786399E5CB}"
EndProject
Global
	GlobalSection(SolutionConfigurationPlatforms) = preSolution
		Debug|Any CPU = Debug|Any CPU
		Release|Any CPU = Release|Any CPU
	EndGlobalSection
	GlobalSection(ProjectConfigurationPlatforms) = postSolution
		{9AD9F316-0508-42D8-A074-1A95120C43A6}.Debug|Any CPU.ActiveCfg = Debug|Any CPU
		{9AD9F316-0508-42D8-A074-1A95120C43A6}.Debug|Any CPU.Build.0 = Debug|Any CPU
		{9AD9F316-0508-42D8-A074-1A95120C43A6}.Release|Any CPU.ActiveCfg = Release|Any CPU
		{9AD9F316-0508-42D8-A074-1A95120C43A6}.Release|Any CPU.Build.0 = Release|Any CPU
		{033F7D2F-3B4E-4875-A77F-7F5B83607EA6}.Debug|Any CPU.ActiveCfg = Debug|Any CPU
		{033F7D2F-3B4E-4875-A77F-7F5B83607EA6}.Debug|Any CPU.Build.0 = Debug|Any CPU
		{033F7D2F-3B4E-4875-A77F-7F5B83607EA6}.Release|Any CPU.ActiveCfg = Release|Any CPU
		{033F7D2F-3B4E-4875-A77F-7F5B83607EA6}.Release|Any CPU.Build.0 = Release|Any CPU
		{311CEE89-CB58-4C66-8475-9F2DE018354D}.Debug|Any CPU.ActiveCfg = Debug|Any CPU
		{311CEE89-CB58-4C66-8475-9F2DE018354D}.Debug|Any CPU.Build.0 = Debug|Any CPU
		{311CEE89-CB58-4C66-8475-9F2DE018354D}.Release|Any CPU.ActiveCfg = Release|Any CPU
		{311CEE89-CB58-4C66-8475-9F2DE018354D}.Release|Any CPU.Build.0 = Release|Any CPU
		{39E7CE0B-5349-4509-ACB7-15585A6F5182}.Debug|Any CPU.ActiveCfg = Debug|Any CPU
		{39E7CE0B-5349-4509-ACB7-15585A6F5182}.Debug|Any CPU.Build.0 = Debug|Any CPU
		{39E7CE0B-5349-4509-ACB7-15585A6F5182}.Release|Any CPU.ActiveCfg = Release|Any CPU
		{39E7CE0B-5349-4509-ACB7-15585A6F5182}.Release|Any CPU.Build.0 = Release|Any CPU
		{EDB7F53B-2E36-4C7A-B709-7D5250E6EAFE}.Debug|Any CPU.ActiveCfg = Debug|Any CPU
		{EDB7F53B-2E36-4C7A-B709-7D5250E6EAFE}.Debug|Any CPU.Build.0 = Debug|Any CPU
		{EDB7F53B-2E36-4C7A-B709-7D5250E6EAFE}.Release|Any CPU.ActiveCfg = Release|Any CPU
		{EDB7F53B-2E36-4C7A-B709-7D5250E6EAFE}.Release|Any CPU.Build.0 = Release|Any CPU
		{F2CA19C2-2D6D-4858-B69D-FA3D6D59BC33}.Debug|Any CPU.ActiveCfg = Debug|Any CPU
		{F2CA19C2-2D6D-4858-B69D-FA3D6D59BC33}.Debug|Any CPU.Build.0 = Debug|Any CPU
		{F2CA19C2-2D6D-4858-B69D-FA3D6D59BC33}.Release|Any CPU.ActiveCfg = Release|Any CPU
		{F2CA19C2-2D6D-4858-B69D-FA3D6D59BC33}.Release|Any CPU.Build.0 = Release|Any CPU
		{484082E1-6B84-4B86-812B-D626E5687637}.Debug|Any CPU.ActiveCfg = Debug|Any CPU
		{484082E1-6B84-4B86-812B-D626E5687637}.Debug|Any CPU.Build.0 = Debug|Any CPU
		{484082E1-6B84-4B86-812B-D626E5687637}.Release|Any CPU.ActiveCfg = Release|Any CPU
		{484082E1-6B84-4B86-812B-D626E5687637}.Release|Any CPU.Build.0 = Release|Any CPU
		{20F77FCF-6CB0-4B43-A927-02CDD1725C56}.Debug|Any CPU.ActiveCfg = Debug|Any CPU
		{20F77FCF-6CB0-4B43-A927-02CDD1725C56}.Debug|Any CPU.Build.0 = Debug|Any CPU
		{20F77FCF-6CB0-4B43-A927-02CDD1725C56}.Release|Any CPU.ActiveCfg = Release|Any CPU
		{20F77FCF-6CB0-4B43-A927-02CDD1725C56}.Release|Any CPU.Build.0 = Release|Any CPU
		{2E86815B-4C32-4AB2-94EA-4C44962E1088}.Debug|Any CPU.ActiveCfg = Debug|Any CPU
		{2E86815B-4C32-4AB2-94EA-4C44962E1088}.Debug|Any CPU.Build.0 = Debug|Any CPU
		{2E86815B-4C32-4AB2-94EA-4C44962E1088}.Release|Any CPU.ActiveCfg = Release|Any CPU
		{2E86815B-4C32-4AB2-94EA-4C44962E1088}.Release|Any CPU.Build.0 = Release|Any CPU
		{11AA576F-8720-4FC0-9AF9-618CB4284AC8}.Debug|Any CPU.ActiveCfg = Debug|Any CPU
		{11AA576F-8720-4FC0-9AF9-618CB4284AC8}.Debug|Any CPU.Build.0 = Debug|Any CPU
		{11AA576F-8720-4FC0-9AF9-618CB4284AC8}.Release|Any CPU.ActiveCfg = Release|Any CPU
		{11AA576F-8720-4FC0-9AF9-618CB4284AC8}.Release|Any CPU.Build.0 = Release|Any CPU
		{747AFA53-984C-4232-8188-66ADB654D888}.Debug|Any CPU.ActiveCfg = Debug|Any CPU
		{747AFA53-984C-4232-8188-66ADB654D888}.Debug|Any CPU.Build.0 = Debug|Any CPU
		{747AFA53-984C-4232-8188-66ADB654D888}.Release|Any CPU.ActiveCfg = Release|Any CPU
		{747AFA53-984C-4232-8188-66ADB654D888}.Release|Any CPU.Build.0 = Release|Any CPU
		{3A41BE49-2488-470D-A367-05175EFB378A}.Debug|Any CPU.ActiveCfg = Debug|Any CPU
		{3A41BE49-2488-470D-A367-05175EFB378A}.Debug|Any CPU.Build.0 = Debug|Any CPU
		{3A41BE49-2488-470D-A367-05175EFB378A}.Release|Any CPU.ActiveCfg = Release|Any CPU
		{3A41BE49-2488-470D-A367-05175EFB378A}.Release|Any CPU.Build.0 = Release|Any CPU
		{82AC473A-E506-49E3-997D-3CAA6B8D98D9}.Debug|Any CPU.ActiveCfg = Debug|Any CPU
		{82AC473A-E506-49E3-997D-3CAA6B8D98D9}.Debug|Any CPU.Build.0 = Debug|Any CPU
		{82AC473A-E506-49E3-997D-3CAA6B8D98D9}.Release|Any CPU.ActiveCfg = Release|Any CPU
		{82AC473A-E506-49E3-997D-3CAA6B8D98D9}.Release|Any CPU.Build.0 = Release|Any CPU
		{E9C806DE-0395-4238-BEBA-3F66208059AB}.Debug|Any CPU.ActiveCfg = Debug|Any CPU
		{E9C806DE-0395-4238-BEBA-3F66208059AB}.Debug|Any CPU.Build.0 = Debug|Any CPU
		{E9C806DE-0395-4238-BEBA-3F66208059AB}.Release|Any CPU.ActiveCfg = Release|Any CPU
		{E9C806DE-0395-4238-BEBA-3F66208059AB}.Release|Any CPU.Build.0 = Release|Any CPU
		{9B899771-0471-47B7-B5F1-890406E901FD}.Debug|Any CPU.ActiveCfg = Debug|Any CPU
		{9B899771-0471-47B7-B5F1-890406E901FD}.Debug|Any CPU.Build.0 = Debug|Any CPU
		{9B899771-0471-47B7-B5F1-890406E901FD}.Release|Any CPU.ActiveCfg = Release|Any CPU
		{9B899771-0471-47B7-B5F1-890406E901FD}.Release|Any CPU.Build.0 = Release|Any CPU
		{6640FF6D-6C3C-4040-B66E-5D98657186AB}.Debug|Any CPU.ActiveCfg = Debug|Any CPU
		{6640FF6D-6C3C-4040-B66E-5D98657186AB}.Debug|Any CPU.Build.0 = Debug|Any CPU
		{6640FF6D-6C3C-4040-B66E-5D98657186AB}.Release|Any CPU.ActiveCfg = Release|Any CPU
		{6640FF6D-6C3C-4040-B66E-5D98657186AB}.Release|Any CPU.Build.0 = Release|Any CPU
		{9664A97A-20B0-4550-839E-2B62B1182BA2}.Debug|Any CPU.ActiveCfg = Debug|Any CPU
		{9664A97A-20B0-4550-839E-2B62B1182BA2}.Debug|Any CPU.Build.0 = Debug|Any CPU
		{9664A97A-20B0-4550-839E-2B62B1182BA2}.Release|Any CPU.ActiveCfg = Release|Any CPU
		{9664A97A-20B0-4550-839E-2B62B1182BA2}.Release|Any CPU.Build.0 = Release|Any CPU
		{8EE9B2F9-D04F-45E8-AEBE-D9B8FDF21A8D}.Debug|Any CPU.ActiveCfg = Debug|Any CPU
		{8EE9B2F9-D04F-45E8-AEBE-D9B8FDF21A8D}.Debug|Any CPU.Build.0 = Debug|Any CPU
		{8EE9B2F9-D04F-45E8-AEBE-D9B8FDF21A8D}.Release|Any CPU.ActiveCfg = Release|Any CPU
		{8EE9B2F9-D04F-45E8-AEBE-D9B8FDF21A8D}.Release|Any CPU.Build.0 = Release|Any CPU
		{15688C50-74C0-4F90-BC63-82A6A7A4B3A6}.Debug|Any CPU.ActiveCfg = Debug|Any CPU
		{15688C50-74C0-4F90-BC63-82A6A7A4B3A6}.Debug|Any CPU.Build.0 = Debug|Any CPU
		{15688C50-74C0-4F90-BC63-82A6A7A4B3A6}.Release|Any CPU.ActiveCfg = Release|Any CPU
		{15688C50-74C0-4F90-BC63-82A6A7A4B3A6}.Release|Any CPU.Build.0 = Release|Any CPU
		{C4A41500-47E1-4F24-BE67-05E16DFC5682}.Debug|Any CPU.ActiveCfg = Debug|Any CPU
		{C4A41500-47E1-4F24-BE67-05E16DFC5682}.Debug|Any CPU.Build.0 = Debug|Any CPU
		{C4A41500-47E1-4F24-BE67-05E16DFC5682}.Release|Any CPU.ActiveCfg = Release|Any CPU
		{C4A41500-47E1-4F24-BE67-05E16DFC5682}.Release|Any CPU.Build.0 = Release|Any CPU
		{2A292780-E754-47F1-A30F-BCAEECC7B503}.Debug|Any CPU.ActiveCfg = Debug|Any CPU
		{2A292780-E754-47F1-A30F-BCAEECC7B503}.Debug|Any CPU.Build.0 = Debug|Any CPU
		{2A292780-E754-47F1-A30F-BCAEECC7B503}.Release|Any CPU.ActiveCfg = Release|Any CPU
		{2A292780-E754-47F1-A30F-BCAEECC7B503}.Release|Any CPU.Build.0 = Release|Any CPU
		{8A55C55A-4940-49CA-BE03-B81A5BCCDF45}.Debug|Any CPU.ActiveCfg = Debug|Any CPU
		{8A55C55A-4940-49CA-BE03-B81A5BCCDF45}.Debug|Any CPU.Build.0 = Debug|Any CPU
		{8A55C55A-4940-49CA-BE03-B81A5BCCDF45}.Release|Any CPU.ActiveCfg = Release|Any CPU
		{8A55C55A-4940-49CA-BE03-B81A5BCCDF45}.Release|Any CPU.Build.0 = Release|Any CPU
		{4F1246AC-4154-413F-BCF6-A615374DCB13}.Debug|Any CPU.ActiveCfg = Debug|Any CPU
		{4F1246AC-4154-413F-BCF6-A615374DCB13}.Debug|Any CPU.Build.0 = Debug|Any CPU
		{4F1246AC-4154-413F-BCF6-A615374DCB13}.Release|Any CPU.ActiveCfg = Release|Any CPU
		{4F1246AC-4154-413F-BCF6-A615374DCB13}.Release|Any CPU.Build.0 = Release|Any CPU
		{9729A7F1-EBDF-4444-8B13-E69F43B43082}.Debug|Any CPU.ActiveCfg = Debug|Any CPU
		{9729A7F1-EBDF-4444-8B13-E69F43B43082}.Debug|Any CPU.Build.0 = Debug|Any CPU
		{9729A7F1-EBDF-4444-8B13-E69F43B43082}.Release|Any CPU.ActiveCfg = Release|Any CPU
		{9729A7F1-EBDF-4444-8B13-E69F43B43082}.Release|Any CPU.Build.0 = Release|Any CPU
		{1826CCF3-3E0C-4C31-8212-1202AAD2B7D8}.Debug|Any CPU.ActiveCfg = Debug|Any CPU
		{1826CCF3-3E0C-4C31-8212-1202AAD2B7D8}.Debug|Any CPU.Build.0 = Debug|Any CPU
		{1826CCF3-3E0C-4C31-8212-1202AAD2B7D8}.Release|Any CPU.ActiveCfg = Release|Any CPU
		{1826CCF3-3E0C-4C31-8212-1202AAD2B7D8}.Release|Any CPU.Build.0 = Release|Any CPU
		{591E31B6-42D3-4F0A-B365-43786399E5CB}.Debug|Any CPU.ActiveCfg = Debug|Any CPU
		{591E31B6-42D3-4F0A-B365-43786399E5CB}.Debug|Any CPU.Build.0 = Debug|Any CPU
		{591E31B6-42D3-4F0A-B365-43786399E5CB}.Release|Any CPU.ActiveCfg = Release|Any CPU
		{591E31B6-42D3-4F0A-B365-43786399E5CB}.Release|Any CPU.Build.0 = Release|Any CPU
	EndGlobalSection
	GlobalSection(SolutionProperties) = preSolution
		HideSolutionNode = FALSE
	EndGlobalSection
	GlobalSection(NestedProjects) = preSolution
		{9AD9F316-0508-42D8-A074-1A95120C43A6} = {6B4EAB71-6885-4595-9658-6AEB876C8B61}
		{033F7D2F-3B4E-4875-A77F-7F5B83607EA6} = {621E842E-67B7-45A7-8B2E-80AED9402E96}
		{311CEE89-CB58-4C66-8475-9F2DE018354D} = {F374E273-9258-4BCF-BEC8-85DE22BCE9E0}
		{39E7CE0B-5349-4509-ACB7-15585A6F5182} = {F374E273-9258-4BCF-BEC8-85DE22BCE9E0}
		{EDB7F53B-2E36-4C7A-B709-7D5250E6EAFE} = {6F51E14F-D1AD-4E7C-893E-67BFFEC94728}
		{F2CA19C2-2D6D-4858-B69D-FA3D6D59BC33} = {6F51E14F-D1AD-4E7C-893E-67BFFEC94728}
		{484082E1-6B84-4B86-812B-D626E5687637} = {E00A365F-C033-41D2-903B-7B2380ECC397}
		{20F77FCF-6CB0-4B43-A927-02CDD1725C56} = {E00A365F-C033-41D2-903B-7B2380ECC397}
		{2E86815B-4C32-4AB2-94EA-4C44962E1088} = {E00A365F-C033-41D2-903B-7B2380ECC397}
		{11AA576F-8720-4FC0-9AF9-618CB4284AC8} = {99ED7D21-2769-479D-8F9A-4A4FD78D028C}
		{747AFA53-984C-4232-8188-66ADB654D888} = {99ED7D21-2769-479D-8F9A-4A4FD78D028C}
		{3A41BE49-2488-470D-A367-05175EFB378A} = {99ED7D21-2769-479D-8F9A-4A4FD78D028C}
		{82AC473A-E506-49E3-997D-3CAA6B8D98D9} = {F9443128-36DC-4B36-81F5-549534910777}
		{E9C806DE-0395-4238-BEBA-3F66208059AB} = {F9443128-36DC-4B36-81F5-549534910777}
		{9B899771-0471-47B7-B5F1-890406E901FD} = {F9443128-36DC-4B36-81F5-549534910777}
		{6640FF6D-6C3C-4040-B66E-5D98657186AB} = {FA663EB4-0DCE-48F7-AAF6-FE4983471298}
		{9664A97A-20B0-4550-839E-2B62B1182BA2} = {AD277C4A-DB68-48D6-8F58-03DB3621CF35}
		{8EE9B2F9-D04F-45E8-AEBE-D9B8FDF21A8D} = {2E1648CE-EB48-43E5-8DAF-E8A619BC2756}
		{15688C50-74C0-4F90-BC63-82A6A7A4B3A6} = {0F2AC4C2-8110-4EB9-A975-DEE6C309C2B1}
		{C4A41500-47E1-4F24-BE67-05E16DFC5682} = {5A746139-7648-46E3-BB7B-A44C22B0D6DE}
		{2A292780-E754-47F1-A30F-BCAEECC7B503} = {C8DE04B4-7611-433D-83FD-227B5DC1848B}
		{8A55C55A-4940-49CA-BE03-B81A5BCCDF45} = {6BE9B3F6-5672-45D2-A10D-85D60956FDEE}
		{4F1246AC-4154-413F-BCF6-A615374DCB13} = {12CF24BF-00B9-444B-A04D-75FF0AC1DDEF}
		{9729A7F1-EBDF-4444-8B13-E69F43B43082} = {5B37FE58-606F-46C5-80CB-117595216BAA}
		{1826CCF3-3E0C-4C31-8212-1202AAD2B7D8} = {890FFE6E-D0AC-4E22-9254-E3EAA41E154E}
		{591E31B6-42D3-4F0A-B365-43786399E5CB} = {2A62E4D9-0236-4FA9-9B74-F7CCA34B98D6}
	EndGlobalSection
EndGlobal
